{"format_version":"1.1","terraform_version":"1.3.9","planned_values":{"root_module":{"child_modules":[{"resources":[{"address":"module.ec2_01.aws_instance.ec2_instance","mode":"managed","type":"aws_instance","name":"ec2_instance","provider_name":"registry.terraform.io/hashicorp/aws","schema_version":1,"values":{"ami":"ami-0c55b159cbfafe1f0","credit_specification":[],"ebs_block_device":[{"delete_on_termination":true,"device_name":"/dev/sdb","tags":null,"volume_size":100,"volume_type":"gp3"},{"delete_on_termination":true,"device_name":"/dev/sdc","iops":100,"tags":null,"volume_size":100,"volume_type":"io2"},{"delete_on_termination":true,"device_name":"/dev/sdd","iops":100,"tags":null,"volume_size":100,"volume_type":"io2"},{"delete_on_termination":true,"device_name":"/dev/sde","iops":100,"tags":null,"volume_size":100,"volume_type":"io2"},{"delete_on_termination":true,"device_name":"/dev/sdf","iops":100,"tags":null,"volume_size":100,"volume_type":"io2"},{"delete_on_termination":true,"device_name":"/dev/sdg","iops":100,"tags":null,"volume_size":100,"volume_type":"io2"},{"delete_on_termination":true,"device_name":"/dev/sdh","iops":100,"tags":null,"volume_size":100,"volume_type":"io2"},{"delete_on_termination":true,"device_name":"/dev/sdi","iops":100,"tags":null,"volume_size":100,"volume_type":"io2"},{"delete_on_termination":true,"device_name":"/dev/sdj","iops":100,"tags":null,"volume_size":100,"volume_type":"io2"},{"delete_on_termination":true,"device_name":"/dev/sdk","iops":100,"tags":null,"volume_size":100,"volume_type":"io2"}],"get_password_data":false,"hibernation":null,"instance_type":"x2iedn.32xlarge","launch_template":[],"root_block_device":[{"delete_on_termination":true,"tags":null,"volume_size":8,"volume_type":"gp3"}],"source_dest_check":true,"tags":{"Application":"HHSC-TIERS-PROD","Environment":"PROD-PRIVATE-DB-A","Name":"EC2_01"},"tags_all":{"Application":"HHSC-TIERS-PROD","Environment":"PROD-PRIVATE-DB-A","Name":"EC2_01"},"timeouts":null,"user_data_replace_on_change":false,"volume_tags":null},"sensitive_values":{"capacity_reservation_specification":[],"cpu_options":[],"credit_specification":[],"ebs_block_device":[{},{},{},{},{},{},{},{},{},{}],"enclave_options":[],"ephemeral_block_device":[],"instance_market_options":[],"ipv6_addresses":[],"launch_template":[],"maintenance_options":[],"metadata_options":[],"network_interface":[],"private_dns_name_options":[],"root_block_device":[{}],"secondary_private_ips":[],"security_groups":[],"tags":{},"tags_all":{},"vpc_security_group_ids":[]}}],"address":"module.ec2_01"},{"resources":[{"address":"module.ec2_02.aws_instance.ec2_instance","mode":"managed","type":"aws_instance","name":"ec2_instance","provider_name":"registry.terraform.io/hashicorp/aws","schema_version":1,"values":{"ami":"ami-0c55b159cbfafe1f0","credit_specification":[],"ebs_block_device":[{"delete_on_termination":true,"device_name":"/dev/sdb","tags":null,"volume_size":100,"volume_type":"gp3"},{"delete_on_termination":true,"device_name":"/dev/sdc","iops":100,"tags":null,"volume_size":100,"volume_type":"io2"},{"delete_on_termination":true,"device_name":"/dev/sdd","iops":100,"tags":null,"volume_size":100,"volume_type":"io2"},{"delete_on_termination":true,"device_name":"/dev/sde","iops":100,"tags":null,"volume_size":100,"volume_type":"io2"},{"delete_on_termination":true,"device_name":"/dev/sdf","iops":100,"tags":null,"volume_size":100,"volume_type":"io2"},{"delete_on_termination":true,"device_name":"/dev/sdg","iops":100,"tags":null,"volume_size":100,"volume_type":"io2"},{"delete_on_termination":true,"device_name":"/dev/sdh","iops":100,"tags":null,"volume_size":100,"volume_type":"io2"},{"delete_on_termination":true,"device_name":"/dev/sdi","iops":100,"tags":null,"volume_size":100,"volume_type":"io2"},{"delete_on_termination":true,"device_name":"/dev/sdj","iops":100,"tags":null,"volume_size":100,"volume_type":"io2"}],"get_password_data":false,"hibernation":null,"instance_type":"x2iedn.8xlarge","launch_template":[],"root_block_device":[{"delete_on_termination":true,"tags":null,"volume_size":8,"volume_type":"gp3"}],"source_dest_check":true,"tags":{"Application":"HHSC-TIERS-PROD","Environment":"PROD-PRIVATE-DB-A","Name":"EC2_02"},"tags_all":{"Application":"HHSC-TIERS-PROD","Environment":"PROD-PRIVATE-DB-A","Name":"EC2_02"},"timeouts":null,"user_data_replace_on_change":false,"volume_tags":null},"sensitive_values":{"capacity_reservation_specification":[],"cpu_options":[],"credit_specification":[],"ebs_block_device":[{},{},{},{},{},{},{},{},{}],"enclave_options":[],"ephemeral_block_device":[],"instance_market_options":[],"ipv6_addresses":[],"launch_template":[],"maintenance_options":[],"metadata_options":[],"network_interface":[],"private_dns_name_options":[],"root_block_device":[{}],"secondary_private_ips":[],"security_groups":[],"tags":{},"tags_all":{},"vpc_security_group_ids":[]}}],"address":"module.ec2_02"},{"resources":[{"address":"module.ec2_03.aws_instance.ec2_instance","mode":"managed","type":"aws_instance","name":"ec2_instance","provider_name":"registry.terraform.io/hashicorp/aws","schema_version":1,"values":{"ami":"ami-0c55b159cbfafe1f0","credit_specification":[],"ebs_block_device":[{"delete_on_termination":true,"device_name":"/dev/sdb","tags":null,"volume_size":100,"volume_type":"gp3"},{"delete_on_termination":true,"device_name":"/dev/sdc","iops":100,"tags":null,"volume_size":100,"volume_type":"io2"},{"delete_on_termination":true,"device_name":"/dev/sdd","iops":100,"tags":null,"volume_size":100,"volume_type":"io2"},{"delete_on_termination":true,"device_name":"/dev/sde","iops":100,"tags":null,"volume_size":100,"volume_type":"io2"},{"delete_on_termination":true,"device_name":"/dev/sdf","iops":100,"tags":null,"volume_size":100,"volume_type":"io2"},{"delete_on_termination":true,"device_name":"/dev/sdg","iops":100,"tags":null,"volume_size":100,"volume_type":"io2"},{"delete_on_termination":true,"device_name":"/dev/sdh","iops":100,"tags":null,"volume_size":100,"volume_type":"io2"},{"delete_on_termination":true,"device_name":"/dev/sdi","iops":100,"tags":null,"volume_size":100,"volume_type":"io2"},{"delete_on_termination":true,"device_name":"/dev/sdj","iops":100,"tags":null,"volume_size":100,"volume_type":"io2"}],"get_password_data":false,"hibernation":null,"instance_type":"x2iedn.32xlarge","launch_template":[],"root_block_device":[{"delete_on_termination":true,"tags":null,"volume_size":8,"volume_type":"gp3"}],"source_dest_check":true,"tags":{"Application":"HHS-TIERS-PROD","Environment":"HHS-PROD-TIERS-DB-A","Name":"HHS-TIERS-EC2_03"},"tags_all":{"Application":"HHS-TIERS-PROD","Environment":"HHS-PROD-TIERS-DB-A","Name":"HHS-TIERS-EC2_03"},"timeouts":null,"user_data_replace_on_change":false,"volume_tags":null},"sensitive_values":{"capacity_reservation_specification":[],"cpu_options":[],"credit_specification":[],"ebs_block_device":[{},{},{},{},{},{},{},{},{}],"enclave_options":[],"ephemeral_block_device":[],"instance_market_options":[],"ipv6_addresses":[],"launch_template":[],"maintenance_options":[],"metadata_options":[],"network_interface":[],"private_dns_name_options":[],"root_block_device":[{}],"secondary_private_ips":[],"security_groups":[],"tags":{},"tags_all":{},"vpc_security_group_ids":[]}}],"address":"module.ec2_03"},{"resources":[{"address":"module.ec2_04.aws_instance.ec2_instance","mode":"managed","type":"aws_instance","name":"ec2_instance","provider_name":"registry.terraform.io/hashicorp/aws","schema_version":1,"values":{"ami":"ami-0c55b159cbfafe1f0","credit_specification":[],"ebs_block_device":[{"delete_on_termination":true,"device_name":"/dev/sdb","tags":null,"volume_size":100,"volume_type":"gp3"}],"get_password_data":false,"hibernation":null,"instance_type":"x2iedn.16xlarge","launch_template":[],"root_block_device":[{"delete_on_termination":true,"tags":null,"volume_size":8,"volume_type":"gp3"}],"source_dest_check":true,"tags":{"Application":"HHSC-TIERS-PROD","Environment":"PROD-PRIVATE-BATCH-A","Name":"EC2_04"},"tags_all":{"Application":"HHSC-TIERS-PROD","Environment":"PROD-PRIVATE-BATCH-A","Name":"EC2_04"},"timeouts":null,"user_data_replace_on_change":false,"volume_tags":null},"sensitive_values":{"capacity_reservation_specification":[],"cpu_options":[],"credit_specification":[],"ebs_block_device":[{}],"enclave_options":[],"ephemeral_block_device":[],"instance_market_options":[],"ipv6_addresses":[],"launch_template":[],"maintenance_options":[],"metadata_options":[],"network_interface":[],"private_dns_name_options":[],"root_block_device":[{}],"secondary_private_ips":[],"security_groups":[],"tags":{},"tags_all":{},"vpc_security_group_ids":[]}}],"address":"module.ec2_04"},{"resources":[{"address":"module.sg01.aws_security_group.sg","mode":"managed","type":"aws_security_group","name":"sg","provider_name":"registry.terraform.io/hashicorp/aws","schema_version":1,"values":{"description":"Managed by Terraform","name_prefix":"PROD-DB-SG","revoke_rules_on_delete":false,"tags":null,"timeouts":null},"sensitive_values":{"egress":[],"ingress":[],"tags_all":{}}}],"address":"module.sg01"},{"resources":[{"address":"module.sg02.aws_security_group.sg","mode":"managed","type":"aws_security_group","name":"sg","provider_name":"registry.terraform.io/hashicorp/aws","schema_version":1,"values":{"description":"Managed by Terraform","name_prefix":"PROD-BATCH-SG","revoke_rules_on_delete":false,"tags":null,"timeouts":null},"sensitive_values":{"egress":[],"ingress":[],"tags_all":{}}}],"address":"module.sg02"},{"resources":[{"address":"module.spoke1-vpc.aws_subnet.subnet[\"subnet1\"]","mode":"managed","type":"aws_subnet","name":"subnet","index":"subnet1","provider_name":"registry.terraform.io/hashicorp/aws","schema_version":1,"values":{"assign_ipv6_address_on_creation":false,"availability_zone":"us-east-2a","cidr_block":"10.51.1.0/24","customer_owned_ipv4_pool":null,"enable_dns64":false,"enable_lni_at_device_index":null,"enable_resource_name_dns_a_record_on_launch":false,"enable_resource_name_dns_aaaa_record_on_launch":false,"ipv6_cidr_block":null,"ipv6_native":false,"map_customer_owned_ip_on_launch":null,"map_public_ip_on_launch":false,"outpost_arn":null,"tags":{"Application":"PROD-PRIVATE-BATCH-A","Environment":"HHSC-TIERS-PROD"},"tags_all":{"Application":"PROD-PRIVATE-BATCH-A","Environment":"HHSC-TIERS-PROD"},"timeouts":null},"sensitive_values":{"tags":{},"tags_all":{}}},{"address":"module.spoke1-vpc.aws_subnet.subnet[\"subnet2\"]","mode":"managed","type":"aws_subnet","name":"subnet","index":"subnet2","provider_name":"registry.terraform.io/hashicorp/aws","schema_version":1,"values":{"assign_ipv6_address_on_creation":false,"availability_zone":"us-east-2a","cidr_block":"10.51.2.0/24","customer_owned_ipv4_pool":null,"enable_dns64":false,"enable_lni_at_device_index":null,"enable_resource_name_dns_a_record_on_launch":false,"enable_resource_name_dns_aaaa_record_on_launch":false,"ipv6_cidr_block":null,"ipv6_native":false,"map_customer_owned_ip_on_launch":null,"map_public_ip_on_launch":false,"outpost_arn":null,"tags":{"Application":"PROD-PRIVATE-DB-A","Environment":"HHSC-TIERS-PROD"},"tags_all":{"Application":"PROD-PRIVATE-DB-A","Environment":"HHSC-TIERS-PROD"},"timeouts":null},"sensitive_values":{"tags":{},"tags_all":{}}},{"address":"module.spoke1-vpc.aws_subnet.subnet[\"subnet3\"]","mode":"managed","type":"aws_subnet","name":"subnet","index":"subnet3","provider_name":"registry.terraform.io/hashicorp/aws","schema_version":1,"values":{"assign_ipv6_address_on_creation":false,"availability_zone":"us-east-2b","cidr_block":"10.51.3.0/24","customer_owned_ipv4_pool":null,"enable_dns64":false,"enable_lni_at_device_index":null,"enable_resource_name_dns_a_record_on_launch":false,"enable_resource_name_dns_aaaa_record_on_launch":false,"ipv6_cidr_block":null,"ipv6_native":false,"map_customer_owned_ip_on_launch":null,"map_public_ip_on_launch":false,"outpost_arn":null,"tags":{"Application":"PROD-PRIVATE-BATCH-B","Environment":"HHSC-TIERS-PROD"},"tags_all":{"Application":"PROD-PRIVATE-BATCH-B","Environment":"HHSC-TIERS-PROD"},"timeouts":null},"sensitive_values":{"tags":{},"tags_all":{}}},{"address":"module.spoke1-vpc.aws_subnet.subnet[\"subnet4\"]","mode":"managed","type":"aws_subnet","name":"subnet","index":"subnet4","provider_name":"registry.terraform.io/hashicorp/aws","schema_version":1,"values":{"assign_ipv6_address_on_creation":false,"availability_zone":"us-east-2b","cidr_block":"10.51.4.0/24","customer_owned_ipv4_pool":null,"enable_dns64":false,"enable_lni_at_device_index":null,"enable_resource_name_dns_a_record_on_launch":false,"enable_resource_name_dns_aaaa_record_on_launch":false,"ipv6_cidr_block":null,"ipv6_native":false,"map_customer_owned_ip_on_launch":null,"map_public_ip_on_launch":false,"outpost_arn":null,"tags":{"Application":"PROD-PRIVATE-DB-B","Environment":"HHSC-TIERS-PROD"},"tags_all":{"Application":"PROD-PRIVATE-DB-B","Environment":"HHSC-TIERS-PROD"},"timeouts":null},"sensitive_values":{"tags":{},"tags_all":{}}},{"address":"module.spoke1-vpc.aws_vpc.vpc","mode":"managed","type":"aws_vpc","name":"vpc","provider_name":"registry.terraform.io/hashicorp/aws","schema_version":1,"values":{"assign_generated_ipv6_cidr_block":null,"cidr_block":"10.51.0.0/16","enable_dns_support":true,"instance_tenancy":"default","ipv4_ipam_pool_id":null,"ipv4_netmask_length":null,"ipv6_ipam_pool_id":null,"ipv6_netmask_length":null,"tags":{"Environment":"HHSC-TIERS-PROD"},"tags_all":{"Environment":"HHSC-TIERS-PROD"}},"sensitive_values":{"tags":{},"tags_all":{}}}],"address":"module.spoke1-vpc"}]}},"resource_changes":[{"address":"module.ec2_01.aws_instance.ec2_instance","module_address":"module.ec2_01","mode":"managed","type":"aws_instance","name":"ec2_instance","provider_name":"registry.terraform.io/hashicorp/aws","change":{"actions":["create"],"before":null,"after":{"ami":"ami-0c55b159cbfafe1f0","credit_specification":[],"ebs_block_device":[{"delete_on_termination":true,"device_name":"/dev/sdb","tags":null,"volume_size":100,"volume_type":"gp3"},{"delete_on_termination":true,"device_name":"/dev/sdc","iops":100,"tags":null,"volume_size":100,"volume_type":"io2"},{"delete_on_termination":true,"device_name":"/dev/sdd","iops":100,"tags":null,"volume_size":100,"volume_type":"io2"},{"delete_on_termination":true,"device_name":"/dev/sde","iops":100,"tags":null,"volume_size":100,"volume_type":"io2"},{"delete_on_termination":true,"device_name":"/dev/sdf","iops":100,"tags":null,"volume_size":100,"volume_type":"io2"},{"delete_on_termination":true,"device_name":"/dev/sdg","iops":100,"tags":null,"volume_size":100,"volume_type":"io2"},{"delete_on_termination":true,"device_name":"/dev/sdh","iops":100,"tags":null,"volume_size":100,"volume_type":"io2"},{"delete_on_termination":true,"device_name":"/dev/sdi","iops":100,"tags":null,"volume_size":100,"volume_type":"io2"},{"delete_on_termination":true,"device_name":"/dev/sdj","iops":100,"tags":null,"volume_size":100,"volume_type":"io2"},{"delete_on_termination":true,"device_name":"/dev/sdk","iops":100,"tags":null,"volume_size":100,"volume_type":"io2"}],"get_password_data":false,"hibernation":null,"instance_type":"x2iedn.32xlarge","launch_template":[],"root_block_device":[{"delete_on_termination":true,"tags":null,"volume_size":8,"volume_type":"gp3"}],"source_dest_check":true,"tags":{"Application":"HHSC-TIERS-PROD","Environment":"PROD-PRIVATE-DB-A","Name":"EC2_01"},"tags_all":{"Application":"HHSC-TIERS-PROD","Environment":"PROD-PRIVATE-DB-A","Name":"EC2_01"},"timeouts":null,"user_data_replace_on_change":false,"volume_tags":null},"after_unknown":{"arn":true,"associate_public_ip_address":true,"availability_zone":true,"capacity_reservation_specification":true,"cpu_core_count":true,"cpu_options":true,"cpu_threads_per_core":true,"credit_specification":[],"disable_api_stop":true,"disable_api_termination":true,"ebs_block_device":[{"encrypted":true,"iops":true,"kms_key_id":true,"snapshot_id":true,"throughput":true,"volume_id":true},{"encrypted":true,"kms_key_id":true,"snapshot_id":true,"throughput":true,"volume_id":true},{"encrypted":true,"kms_key_id":true,"snapshot_id":true,"throughput":true,"volume_id":true},{"encrypted":true,"kms_key_id":true,"snapshot_id":true,"throughput":true,"volume_id":true},{"encrypted":true,"kms_key_id":true,"snapshot_id":true,"throughput":true,"volume_id":true},{"encrypted":true,"kms_key_id":true,"snapshot_id":true,"throughput":true,"volume_id":true},{"encrypted":true,"kms_key_id":true,"snapshot_id":true,"throughput":true,"volume_id":true},{"encrypted":true,"kms_key_id":true,"snapshot_id":true,"throughput":true,"volume_id":true},{"encrypted":true,"kms_key_id":true,"snapshot_id":true,"throughput":true,"volume_id":true},{"encrypted":true,"kms_key_id":true,"snapshot_id":true,"throughput":true,"volume_id":true}],"ebs_optimized":true,"enclave_options":true,"ephemeral_block_device":true,"host_id":true,"host_resource_group_arn":true,"iam_instance_profile":true,"id":true,"instance_initiated_shutdown_behavior":true,"instance_lifecycle":true,"instance_market_options":true,"instance_state":true,"ipv6_address_count":true,"ipv6_addresses":true,"key_name":true,"launch_template":[],"maintenance_options":true,"metadata_options":true,"monitoring":true,"network_interface":true,"outpost_arn":true,"password_data":true,"placement_group":true,"placement_partition_number":true,"primary_network_interface_id":true,"private_dns":true,"private_dns_name_options":true,"private_ip":true,"public_dns":true,"public_ip":true,"root_block_device":[{"device_name":true,"encrypted":true,"iops":true,"kms_key_id":true,"throughput":true,"volume_id":true}],"secondary_private_ips":true,"security_groups":true,"spot_instance_request_id":true,"subnet_id":true,"tags":{},"tags_all":{},"tenancy":true,"user_data":true,"user_data_base64":true,"vpc_security_group_ids":true},"before_sensitive":false,"after_sensitive":{"capacity_reservation_specification":[],"cpu_options":[],"credit_specification":[],"ebs_block_device":[{},{},{},{},{},{},{},{},{},{}],"enclave_options":[],"ephemeral_block_device":[],"instance_market_options":[],"ipv6_addresses":[],"launch_template":[],"maintenance_options":[],"metadata_options":[],"network_interface":[],"private_dns_name_options":[],"root_block_device":[{}],"secondary_private_ips":[],"security_groups":[],"tags":{},"tags_all":{},"vpc_security_group_ids":[]}}},{"address":"module.ec2_02.aws_instance.ec2_instance","module_address":"module.ec2_02","mode":"managed","type":"aws_instance","name":"ec2_instance","provider_name":"registry.terraform.io/hashicorp/aws","change":{"actions":["create"],"before":null,"after":{"ami":"ami-0c55b159cbfafe1f0","credit_specification":[],"ebs_block_device":[{"delete_on_termination":true,"device_name":"/dev/sdb","tags":null,"volume_size":100,"volume_type":"gp3"},{"delete_on_termination":true,"device_name":"/dev/sdc","iops":100,"tags":null,"volume_size":100,"volume_type":"io2"},{"delete_on_termination":true,"device_name":"/dev/sdd","iops":100,"tags":null,"volume_size":100,"volume_type":"io2"},{"delete_on_termination":true,"device_name":"/dev/sde","iops":100,"tags":null,"volume_size":100,"volume_type":"io2"},{"delete_on_termination":true,"device_name":"/dev/sdf","iops":100,"tags":null,"volume_size":100,"volume_type":"io2"},{"delete_on_termination":true,"device_name":"/dev/sdg","iops":100,"tags":null,"volume_size":100,"volume_type":"io2"},{"delete_on_termination":true,"device_name":"/dev/sdh","iops":100,"tags":null,"volume_size":100,"volume_type":"io2"},{"delete_on_termination":true,"device_name":"/dev/sdi","iops":100,"tags":null,"volume_size":100,"volume_type":"io2"},{"delete_on_termination":true,"device_name":"/dev/sdj","iops":100,"tags":null,"volume_size":100,"volume_type":"io2"}],"get_password_data":false,"hibernation":null,"instance_type":"x2iedn.8xlarge","launch_template":[],"root_block_device":[{"delete_on_termination":true,"tags":null,"volume_size":8,"volume_type":"gp3"}],"source_dest_check":true,"tags":{"Application":"HHSC-TIERS-PROD","Environment":"PROD-PRIVATE-DB-A","Name":"EC2_02"},"tags_all":{"Application":"HHSC-TIERS-PROD","Environment":"PROD-PRIVATE-DB-A","Name":"EC2_02"},"timeouts":null,"user_data_replace_on_change":false,"volume_tags":null},"after_unknown":{"arn":true,"associate_public_ip_address":true,"availability_zone":true,"capacity_reservation_specification":true,"cpu_core_count":true,"cpu_options":true,"cpu_threads_per_core":true,"credit_specification":[],"disable_api_stop":true,"disable_api_termination":true,"ebs_block_device":[{"encrypted":true,"iops":true,"kms_key_id":true,"snapshot_id":true,"throughput":true,"volume_id":true},{"encrypted":true,"kms_key_id":true,"snapshot_id":true,"throughput":true,"volume_id":true},{"encrypted":true,"kms_key_id":true,"snapshot_id":true,"throughput":true,"volume_id":true},{"encrypted":true,"kms_key_id":true,"snapshot_id":true,"throughput":true,"volume_id":true},{"encrypted":true,"kms_key_id":true,"snapshot_id":true,"throughput":true,"volume_id":true},{"encrypted":true,"kms_key_id":true,"snapshot_id":true,"throughput":true,"volume_id":true},{"encrypted":true,"kms_key_id":true,"snapshot_id":true,"throughput":true,"volume_id":true},{"encrypted":true,"kms_key_id":true,"snapshot_id":true,"throughput":true,"volume_id":true},{"encrypted":true,"kms_key_id":true,"snapshot_id":true,"throughput":true,"volume_id":true}],"ebs_optimized":true,"enclave_options":true,"ephemeral_block_device":true,"host_id":true,"host_resource_group_arn":true,"iam_instance_profile":true,"id":true,"instance_initiated_shutdown_behavior":true,"instance_lifecycle":true,"instance_market_options":true,"instance_state":true,"ipv6_address_count":true,"ipv6_addresses":true,"key_name":true,"launch_template":[],"maintenance_options":true,"metadata_options":true,"monitoring":true,"network_interface":true,"outpost_arn":true,"password_data":true,"placement_group":true,"placement_partition_number":true,"primary_network_interface_id":true,"private_dns":true,"private_dns_name_options":true,"private_ip":true,"public_dns":true,"public_ip":true,"root_block_device":[{"device_name":true,"encrypted":true,"iops":true,"kms_key_id":true,"throughput":true,"volume_id":true}],"secondary_private_ips":true,"security_groups":true,"spot_instance_request_id":true,"subnet_id":true,"tags":{},"tags_all":{},"tenancy":true,"user_data":true,"user_data_base64":true,"vpc_security_group_ids":true},"before_sensitive":false,"after_sensitive":{"capacity_reservation_specification":[],"cpu_options":[],"credit_specification":[],"ebs_block_device":[{},{},{},{},{},{},{},{},{}],"enclave_options":[],"ephemeral_block_device":[],"instance_market_options":[],"ipv6_addresses":[],"launch_template":[],"maintenance_options":[],"metadata_options":[],"network_interface":[],"private_dns_name_options":[],"root_block_device":[{}],"secondary_private_ips":[],"security_groups":[],"tags":{},"tags_all":{},"vpc_security_group_ids":[]}}},{"address":"module.ec2_03.aws_instance.ec2_instance","module_address":"module.ec2_03","mode":"managed","type":"aws_instance","name":"ec2_instance","provider_name":"registry.terraform.io/hashicorp/aws","change":{"actions":["create"],"before":null,"after":{"ami":"ami-0c55b159cbfafe1f0","credit_specification":[],"ebs_block_device":[{"delete_on_termination":true,"device_name":"/dev/sdb","tags":null,"volume_size":100,"volume_type":"gp3"},{"delete_on_termination":true,"device_name":"/dev/sdc","iops":100,"tags":null,"volume_size":100,"volume_type":"io2"},{"delete_on_termination":true,"device_name":"/dev/sdd","iops":100,"tags":null,"volume_size":100,"volume_type":"io2"},{"delete_on_termination":true,"device_name":"/dev/sde","iops":100,"tags":null,"volume_size":100,"volume_type":"io2"},{"delete_on_termination":true,"device_name":"/dev/sdf","iops":100,"tags":null,"volume_size":100,"volume_type":"io2"},{"delete_on_termination":true,"device_name":"/dev/sdg","iops":100,"tags":null,"volume_size":100,"volume_type":"io2"},{"delete_on_termination":true,"device_name":"/dev/sdh","iops":100,"tags":null,"volume_size":100,"volume_type":"io2"},{"delete_on_termination":true,"device_name":"/dev/sdi","iops":100,"tags":null,"volume_size":100,"volume_type":"io2"},{"delete_on_termination":true,"device_name":"/dev/sdj","iops":100,"tags":null,"volume_size":100,"volume_type":"io2"}],"get_password_data":false,"hibernation":null,"instance_type":"x2iedn.32xlarge","launch_template":[],"root_block_device":[{"delete_on_termination":true,"tags":null,"volume_size":8,"volume_type":"gp3"}],"source_dest_check":true,"tags":{"Application":"HHS-TIERS-PROD","Environment":"HHS-PROD-TIERS-DB-A","Name":"HHS-TIERS-EC2_03"},"tags_all":{"Application":"HHS-TIERS-PROD","Environment":"HHS-PROD-TIERS-DB-A","Name":"HHS-TIERS-EC2_03"},"timeouts":null,"user_data_replace_on_change":false,"volume_tags":null},"after_unknown":{"arn":true,"associate_public_ip_address":true,"availability_zone":true,"capacity_reservation_specification":true,"cpu_core_count":true,"cpu_options":true,"cpu_threads_per_core":true,"credit_specification":[],"disable_api_stop":true,"disable_api_termination":true,"ebs_block_device":[{"encrypted":true,"iops":true,"kms_key_id":true,"snapshot_id":true,"throughput":true,"volume_id":true},{"encrypted":true,"kms_key_id":true,"snapshot_id":true,"throughput":true,"volume_id":true},{"encrypted":true,"kms_key_id":true,"snapshot_id":true,"throughput":true,"volume_id":true},{"encrypted":true,"kms_key_id":true,"snapshot_id":true,"throughput":true,"volume_id":true},{"encrypted":true,"kms_key_id":true,"snapshot_id":true,"throughput":true,"volume_id":true},{"encrypted":true,"kms_key_id":true,"snapshot_id":true,"throughput":true,"volume_id":true},{"encrypted":true,"kms_key_id":true,"snapshot_id":true,"throughput":true,"volume_id":true},{"encrypted":true,"kms_key_id":true,"snapshot_id":true,"throughput":true,"volume_id":true},{"encrypted":true,"kms_key_id":true,"snapshot_id":true,"throughput":true,"volume_id":true}],"ebs_optimized":true,"enclave_options":true,"ephemeral_block_device":true,"host_id":true,"host_resource_group_arn":true,"iam_instance_profile":true,"id":true,"instance_initiated_shutdown_behavior":true,"instance_lifecycle":true,"instance_market_options":true,"instance_state":true,"ipv6_address_count":true,"ipv6_addresses":true,"key_name":true,"launch_template":[],"maintenance_options":true,"metadata_options":true,"monitoring":true,"network_interface":true,"outpost_arn":true,"password_data":true,"placement_group":true,"placement_partition_number":true,"primary_network_interface_id":true,"private_dns":true,"private_dns_name_options":true,"private_ip":true,"public_dns":true,"public_ip":true,"root_block_device":[{"device_name":true,"encrypted":true,"iops":true,"kms_key_id":true,"throughput":true,"volume_id":true}],"secondary_private_ips":true,"security_groups":true,"spot_instance_request_id":true,"subnet_id":true,"tags":{},"tags_all":{},"tenancy":true,"user_data":true,"user_data_base64":true,"vpc_security_group_ids":true},"before_sensitive":false,"after_sensitive":{"capacity_reservation_specification":[],"cpu_options":[],"credit_specification":[],"ebs_block_device":[{},{},{},{},{},{},{},{},{}],"enclave_options":[],"ephemeral_block_device":[],"instance_market_options":[],"ipv6_addresses":[],"launch_template":[],"maintenance_options":[],"metadata_options":[],"network_interface":[],"private_dns_name_options":[],"root_block_device":[{}],"secondary_private_ips":[],"security_groups":[],"tags":{},"tags_all":{},"vpc_security_group_ids":[]}}},{"address":"module.ec2_04.aws_instance.ec2_instance","module_address":"module.ec2_04","mode":"managed","type":"aws_instance","name":"ec2_instance","provider_name":"registry.terraform.io/hashicorp/aws","change":{"actions":["create"],"before":null,"after":{"ami":"ami-0c55b159cbfafe1f0","credit_specification":[],"ebs_block_device":[{"delete_on_termination":true,"device_name":"/dev/sdb","tags":null,"volume_size":100,"volume_type":"gp3"}],"get_password_data":false,"hibernation":null,"instance_type":"x2iedn.16xlarge","launch_template":[],"root_block_device":[{"delete_on_termination":true,"tags":null,"volume_size":8,"volume_type":"gp3"}],"source_dest_check":true,"tags":{"Application":"HHSC-TIERS-PROD","Environment":"PROD-PRIVATE-BATCH-A","Name":"EC2_04"},"tags_all":{"Application":"HHSC-TIERS-PROD","Environment":"PROD-PRIVATE-BATCH-A","Name":"EC2_04"},"timeouts":null,"user_data_replace_on_change":false,"volume_tags":null},"after_unknown":{"arn":true,"associate_public_ip_address":true,"availability_zone":true,"capacity_reservation_specification":true,"cpu_core_count":true,"cpu_options":true,"cpu_threads_per_core":true,"credit_specification":[],"disable_api_stop":true,"disable_api_termination":true,"ebs_block_device":[{"encrypted":true,"iops":true,"kms_key_id":true,"snapshot_id":true,"throughput":true,"volume_id":true}],"ebs_optimized":true,"enclave_options":true,"ephemeral_block_device":true,"host_id":true,"host_resource_group_arn":true,"iam_instance_profile":true,"id":true,"instance_initiated_shutdown_behavior":true,"instance_lifecycle":true,"instance_market_options":true,"instance_state":true,"ipv6_address_count":true,"ipv6_addresses":true,"key_name":true,"launch_template":[],"maintenance_options":true,"metadata_options":true,"monitoring":true,"network_interface":true,"outpost_arn":true,"password_data":true,"placement_group":true,"placement_partition_number":true,"primary_network_interface_id":true,"private_dns":true,"private_dns_name_options":true,"private_ip":true,"public_dns":true,"public_ip":true,"root_block_device":[{"device_name":true,"encrypted":true,"iops":true,"kms_key_id":true,"throughput":true,"volume_id":true}],"secondary_private_ips":true,"security_groups":true,"spot_instance_request_id":true,"subnet_id":true,"tags":{},"tags_all":{},"tenancy":true,"user_data":true,"user_data_base64":true,"vpc_security_group_ids":true},"before_sensitive":false,"after_sensitive":{"capacity_reservation_specification":[],"cpu_options":[],"credit_specification":[],"ebs_block_device":[{}],"enclave_options":[],"ephemeral_block_device":[],"instance_market_options":[],"ipv6_addresses":[],"launch_template":[],"maintenance_options":[],"metadata_options":[],"network_interface":[],"private_dns_name_options":[],"root_block_device":[{}],"secondary_private_ips":[],"security_groups":[],"tags":{},"tags_all":{},"vpc_security_group_ids":[]}}},{"address":"module.sg01.aws_security_group.sg","module_address":"module.sg01","mode":"managed","type":"aws_security_group","name":"sg","provider_name":"registry.terraform.io/hashicorp/aws","change":{"actions":["create"],"before":null,"after":{"description":"Managed by Terraform","name_prefix":"PROD-DB-SG","revoke_rules_on_delete":false,"tags":null,"timeouts":null},"after_unknown":{"arn":true,"egress":true,"id":true,"ingress":true,"name":true,"owner_id":true,"tags_all":true,"vpc_id":true},"before_sensitive":false,"after_sensitive":{"egress":[],"ingress":[],"tags_all":{}}}},{"address":"module.sg02.aws_security_group.sg","module_address":"module.sg02","mode":"managed","type":"aws_security_group","name":"sg","provider_name":"registry.terraform.io/hashicorp/aws","change":{"actions":["create"],"before":null,"after":{"description":"Managed by Terraform","name_prefix":"PROD-BATCH-SG","revoke_rules_on_delete":false,"tags":null,"timeouts":null},"after_unknown":{"arn":true,"egress":true,"id":true,"ingress":true,"name":true,"owner_id":true,"tags_all":true,"vpc_id":true},"before_sensitive":false,"after_sensitive":{"egress":[],"ingress":[],"tags_all":{}}}},{"address":"module.spoke1-vpc.aws_subnet.subnet[\"subnet1\"]","module_address":"module.spoke1-vpc","mode":"managed","type":"aws_subnet","name":"subnet","index":"subnet1","provider_name":"registry.terraform.io/hashicorp/aws","change":{"actions":["create"],"before":null,"after":{"assign_ipv6_address_on_creation":false,"availability_zone":"us-east-2a","cidr_block":"10.51.1.0/24","customer_owned_ipv4_pool":null,"enable_dns64":false,"enable_lni_at_device_index":null,"enable_resource_name_dns_a_record_on_launch":false,"enable_resource_name_dns_aaaa_record_on_launch":false,"ipv6_cidr_block":null,"ipv6_native":false,"map_customer_owned_ip_on_launch":null,"map_public_ip_on_launch":false,"outpost_arn":null,"tags":{"Application":"PROD-PRIVATE-BATCH-A","Environment":"HHSC-TIERS-PROD"},"tags_all":{"Application":"PROD-PRIVATE-BATCH-A","Environment":"HHSC-TIERS-PROD"},"timeouts":null},"after_unknown":{"arn":true,"availability_zone_id":true,"id":true,"ipv6_cidr_block_association_id":true,"owner_id":true,"private_dns_hostname_type_on_launch":true,"tags":{},"tags_all":{},"vpc_id":true},"before_sensitive":false,"after_sensitive":{"tags":{},"tags_all":{}}}},{"address":"module.spoke1-vpc.aws_subnet.subnet[\"subnet2\"]","module_address":"module.spoke1-vpc","mode":"managed","type":"aws_subnet","name":"subnet","index":"subnet2","provider_name":"registry.terraform.io/hashicorp/aws","change":{"actions":["create"],"before":null,"after":{"assign_ipv6_address_on_creation":false,"availability_zone":"us-east-2a","cidr_block":"10.51.2.0/24","customer_owned_ipv4_pool":null,"enable_dns64":false,"enable_lni_at_device_index":null,"enable_resource_name_dns_a_record_on_launch":false,"enable_resource_name_dns_aaaa_record_on_launch":false,"ipv6_cidr_block":null,"ipv6_native":false,"map_customer_owned_ip_on_launch":null,"map_public_ip_on_launch":false,"outpost_arn":null,"tags":{"Application":"PROD-PRIVATE-DB-A","Environment":"HHSC-TIERS-PROD"},"tags_all":{"Application":"PROD-PRIVATE-DB-A","Environment":"HHSC-TIERS-PROD"},"timeouts":null},"after_unknown":{"arn":true,"availability_zone_id":true,"id":true,"ipv6_cidr_block_association_id":true,"owner_id":true,"private_dns_hostname_type_on_launch":true,"tags":{},"tags_all":{},"vpc_id":true},"before_sensitive":false,"after_sensitive":{"tags":{},"tags_all":{}}}},{"address":"module.spoke1-vpc.aws_subnet.subnet[\"subnet3\"]","module_address":"module.spoke1-vpc","mode":"managed","type":"aws_subnet","name":"subnet","index":"subnet3","provider_name":"registry.terraform.io/hashicorp/aws","change":{"actions":["create"],"before":null,"after":{"assign_ipv6_address_on_creation":false,"availability_zone":"us-east-2b","cidr_block":"10.51.3.0/24","customer_owned_ipv4_pool":null,"enable_dns64":false,"enable_lni_at_device_index":null,"enable_resource_name_dns_a_record_on_launch":false,"enable_resource_name_dns_aaaa_record_on_launch":false,"ipv6_cidr_block":null,"ipv6_native":false,"map_customer_owned_ip_on_launch":null,"map_public_ip_on_launch":false,"outpost_arn":null,"tags":{"Application":"PROD-PRIVATE-BATCH-B","Environment":"HHSC-TIERS-PROD"},"tags_all":{"Application":"PROD-PRIVATE-BATCH-B","Environment":"HHSC-TIERS-PROD"},"timeouts":null},"after_unknown":{"arn":true,"availability_zone_id":true,"id":true,"ipv6_cidr_block_association_id":true,"owner_id":true,"private_dns_hostname_type_on_launch":true,"tags":{},"tags_all":{},"vpc_id":true},"before_sensitive":false,"after_sensitive":{"tags":{},"tags_all":{}}}},{"address":"module.spoke1-vpc.aws_subnet.subnet[\"subnet4\"]","module_address":"module.spoke1-vpc","mode":"managed","type":"aws_subnet","name":"subnet","index":"subnet4","provider_name":"registry.terraform.io/hashicorp/aws","change":{"actions":["create"],"before":null,"after":{"assign_ipv6_address_on_creation":false,"availability_zone":"us-east-2b","cidr_block":"10.51.4.0/24","customer_owned_ipv4_pool":null,"enable_dns64":false,"enable_lni_at_device_index":null,"enable_resource_name_dns_a_record_on_launch":false,"enable_resource_name_dns_aaaa_record_on_launch":false,"ipv6_cidr_block":null,"ipv6_native":false,"map_customer_owned_ip_on_launch":null,"map_public_ip_on_launch":false,"outpost_arn":null,"tags":{"Application":"PROD-PRIVATE-DB-B","Environment":"HHSC-TIERS-PROD"},"tags_all":{"Application":"PROD-PRIVATE-DB-B","Environment":"HHSC-TIERS-PROD"},"timeouts":null},"after_unknown":{"arn":true,"availability_zone_id":true,"id":true,"ipv6_cidr_block_association_id":true,"owner_id":true,"private_dns_hostname_type_on_launch":true,"tags":{},"tags_all":{},"vpc_id":true},"before_sensitive":false,"after_sensitive":{"tags":{},"tags_all":{}}}},{"address":"module.spoke1-vpc.aws_vpc.vpc","module_address":"module.spoke1-vpc","mode":"managed","type":"aws_vpc","name":"vpc","provider_name":"registry.terraform.io/hashicorp/aws","change":{"actions":["create"],"before":null,"after":{"assign_generated_ipv6_cidr_block":null,"cidr_block":"10.51.0.0/16","enable_dns_support":true,"instance_tenancy":"default","ipv4_ipam_pool_id":null,"ipv4_netmask_length":null,"ipv6_ipam_pool_id":null,"ipv6_netmask_length":null,"tags":{"Environment":"HHSC-TIERS-PROD"},"tags_all":{"Environment":"HHSC-TIERS-PROD"}},"after_unknown":{"arn":true,"default_network_acl_id":true,"default_route_table_id":true,"default_security_group_id":true,"dhcp_options_id":true,"enable_dns_hostnames":true,"enable_network_address_usage_metrics":true,"id":true,"ipv6_association_id":true,"ipv6_cidr_block":true,"ipv6_cidr_block_network_border_group":true,"main_route_table_id":true,"owner_id":true,"tags":{},"tags_all":{}},"before_sensitive":false,"after_sensitive":{"tags":{},"tags_all":{}}}}],"configuration":{"provider_config":{"aws":{"name":"aws","full_name":"registry.terraform.io/hashicorp/aws","expressions":{"access_key":{"constant_value":"mock_access_key"},"region":{"constant_value":"us-east-2"},"secret_key":{"constant_value":"mock_secret_key"},"skip_credentials_validation":{"constant_value":true},"skip_metadata_api_check":{"constant_value":true},"skip_requesting_account_id":{"constant_value":true}}}},"root_module":{"module_calls":{"ec2_01":{"source":"./modules/aws-ec2","expressions":{"ami_id":{"constant_value":"ami-0c55b159cbfafe1f0"},"ebs_block_devices":{"constant_value":[{"device_name":"/dev/sdc","iops":100,"volume_size":100,"volume_type":"io2"},{"device_name":"/dev/sdd","iops":100,"volume_size":100,"volume_type":"io2"},{"device_name":"/dev/sde","iops":100,"volume_size":100,"volume_type":"io2"},{"device_name":"/dev/sdf","iops":100,"volume_size":100,"volume_type":"io2"},{"device_name":"/dev/sdg","iops":100,"volume_size":100,"volume_type":"io2"},{"device_name":"/dev/sdh","iops":100,"volume_size":100,"volume_type":"io2"},{"device_name":"/dev/sdi","iops":100,"volume_size":100,"volume_type":"io2"},{"device_name":"/dev/sdj","iops":100,"volume_size":100,"volume_type":"io2"},{"device_name":"/dev/sdk","iops":100,"volume_size":100,"volume_type":"io2"}]},"instance_type":{"constant_value":"x2iedn.32xlarge"},"subnet_id":{"references":["module.spoke1-vpc.subnet_order","module.spoke1-vpc"]},"tags":{"constant_value":{"Application":"HHSC-TIERS-PROD","Environment":"PROD-PRIVATE-DB-A","Name":"EC2_01"}},"volume_name_2":{"constant_value":"/dev/sdb"},"volume_size_1":{"constant_value":"8"},"volume_size_2":{"constant_value":"100"},"vpc_security_group_ids":{"references":["module.sg02.security_group_id","module.sg02"]}},"module":{"outputs":{"ec2_instance_id":{"expression":{"references":["aws_instance.ec2_instance.id","aws_instance.ec2_instance"]}}},"resources":[{"address":"aws_instance.ec2_instance","mode":"managed","type":"aws_instance","name":"ec2_instance","provider_config_key":"aws","expressions":{"ami":{"references":["var.ami_id"]},"ebs_block_device":[{"device_name":{"references":["var.volume_name_2"]},"volume_size":{"references":["var.volume_size_2"]},"volume_type":{"constant_value":"gp3"}}],"instance_type":{"references":["var.instance_type"]},"root_block_device":[{"volume_size":{"references":["var.volume_size_1"]},"volume_type":{"constant_value":"gp3"}}],"subnet_id":{"references":["var.subnet_id"]},"tags":{"references":["var.tags"]},"vpc_security_group_ids":{"references":["var.vpc_security_group_ids"]}},"schema_version":1}],"variables":{"ami_id":{"description":"The ID of the desired AMI for RHEL 8.6."},"ebs_block_devices":{"default":null,"description":"List of EBS block devices for the EC2 instance"},"instance_type":{"description":"The desired instance type."},"subnet_id":{"description":"The subnet ID where the EC2 instance will be launched."},"tags":{"description":"The subnet ID where the EC2 instance will be launched."},"volume_name_2":{"description":"The subnet ID where the EC2 instance will be launched."},"volume_size_1":{"description":"The subnet ID where the EC2 instance will be launched."},"volume_size_2":{"description":"The subnet ID where the EC2 instance will be launched."},"vpc_security_group_ids":{"description":"A list of security group IDs to associate with the EC2 instance."}}},"depends_on":["module.spoke1-vpc","module.sg01","module.sg02"]},"ec2_02":{"source":"./modules/aws-ec2","expressions":{"ami_id":{"constant_value":"ami-0c55b159cbfafe1f0"},"ebs_block_devices":{"constant_value":[{"device_name":"/dev/sdc","iops":100,"volume_size":100,"volume_type":"io2"},{"device_name":"/dev/sdd","iops":100,"volume_size":100,"volume_type":"io2"},{"device_name":"/dev/sde","iops":100,"volume_size":100,"volume_type":"io2"},{"device_name":"/dev/sdf","iops":100,"volume_size":100,"volume_type":"io2"},{"device_name":"/dev/sdg","iops":100,"volume_size":100,"volume_type":"io2"},{"device_name":"/dev/sdh","iops":100,"volume_size":100,"volume_type":"io2"},{"device_name":"/dev/sdi","iops":100,"volume_size":100,"volume_type":"io2"},{"device_name":"/dev/sdj","iops":100,"volume_size":100,"volume_type":"io2"}]},"instance_type":{"constant_value":"x2iedn.8xlarge"},"subnet_id":{"references":["module.spoke1-vpc.subnet_order","module.spoke1-vpc"]},"tags":{"constant_value":{"Application":"HHSC-TIERS-PROD","Environment":"PROD-PRIVATE-DB-A","Name":"EC2_02"}},"volume_name_2":{"constant_value":"/dev/sdb"},"volume_size_1":{"constant_value":"8"},"volume_size_2":{"constant_value":"100"},"vpc_security_group_ids":{"references":["module.sg02.security_group_id","module.sg02"]}},"module":{"outputs":{"ec2_instance_id":{"expression":{"references":["aws_instance.ec2_instance.id","aws_instance.ec2_instance"]}}},"resources":[{"address":"aws_instance.ec2_instance","mode":"managed","type":"aws_instance","name":"ec2_instance","provider_config_key":"aws","expressions":{"ami":{"references":["var.ami_id"]},"ebs_block_device":[{"device_name":{"references":["var.volume_name_2"]},"volume_size":{"references":["var.volume_size_2"]},"volume_type":{"constant_value":"gp3"}}],"instance_type":{"references":["var.instance_type"]},"root_block_device":[{"volume_size":{"references":["var.volume_size_1"]},"volume_type":{"constant_value":"gp3"}}],"subnet_id":{"references":["var.subnet_id"]},"tags":{"references":["var.tags"]},"vpc_security_group_ids":{"references":["var.vpc_security_group_ids"]}},"schema_version":1}],"variables":{"ami_id":{"description":"The ID of the desired AMI for RHEL 8.6."},"ebs_block_devices":{"default":null,"description":"List of EBS block devices for the EC2 instance"},"instance_type":{"description":"The desired instance type."},"subnet_id":{"description":"The subnet ID where the EC2 instance will be launched."},"tags":{"description":"The subnet ID where the EC2 instance will be launched."},"volume_name_2":{"description":"The subnet ID where the EC2 instance will be launched."},"volume_size_1":{"description":"The subnet ID where the EC2 instance will be launched."},"volume_size_2":{"description":"The subnet ID where the EC2 instance will be launched."},"vpc_security_group_ids":{"description":"A list of security group IDs to associate with the EC2 instance."}}},"depends_on":["module.spoke1-vpc","module.sg01","module.sg02"]},"ec2_03":{"source":"./modules/aws-ec2","expressions":{"ami_id":{"constant_value":"ami-0c55b159cbfafe1f0"},"ebs_block_devices":{"constant_value":[{"device_name":"/dev/sdc","iops":100,"volume_size":100,"volume_type":"io2"},{"device_name":"/dev/sdd","iops":100,"volume_size":100,"volume_type":"io2"},{"device_name":"/dev/sde","iops":100,"volume_size":100,"volume_type":"io2"},{"device_name":"/dev/sdf","iops":100,"volume_size":100,"volume_type":"io2"},{"device_name":"/dev/sdg","iops":100,"volume_size":100,"volume_type":"io2"},{"device_name":"/dev/sdh","iops":100,"volume_size":100,"volume_type":"io2"},{"device_name":"/dev/sdi","iops":100,"volume_size":100,"volume_type":"io2"},{"device_name":"/dev/sdj","iops":100,"volume_size":100,"volume_type":"io2"}]},"instance_type":{"constant_value":"x2iedn.32xlarge"},"subnet_id":{"references":["module.spoke1-vpc.subnet_order","module.spoke1-vpc"]},"tags":{"references":["local.hhs_tags.AGENCY","local.hhs_tags","local.hhs_tags.APP_NAME","local.hhs_tags","local.hhs_tags.AGENCY","local.hhs_tags","local.hhs_tags.ENV","local.hhs_tags","local.hhs_tags.APP_NAME","local.hhs_tags","local.hhs_tags.ZONE_A","local.hhs_tags","local.hhs_tags.AGENCY","local.hhs_tags","local.hhs_tags.APP_NAME","local.hhs_tags","local.hhs_tags.ENV","local.hhs_tags"]},"volume_name_2":{"constant_value":"/dev/sdb"},"volume_size_1":{"constant_value":"8"},"volume_size_2":{"constant_value":"100"},"vpc_security_group_ids":{"references":["module.sg02.security_group_id","module.sg02"]}},"module":{"outputs":{"ec2_instance_id":{"expression":{"references":["aws_instance.ec2_instance.id","aws_instance.ec2_instance"]}}},"resources":[{"address":"aws_instance.ec2_instance","mode":"managed","type":"aws_instance","name":"ec2_instance","provider_config_key":"aws","expressions":{"ami":{"references":["var.ami_id"]},"ebs_block_device":[{"device_name":{"references":["var.volume_name_2"]},"volume_size":{"references":["var.volume_size_2"]},"volume_type":{"constant_value":"gp3"}}],"instance_type":{"references":["var.instance_type"]},"root_block_device":[{"volume_size":{"references":["var.volume_size_1"]},"volume_type":{"constant_value":"gp3"}}],"subnet_id":{"references":["var.subnet_id"]},"tags":{"references":["var.tags"]},"vpc_security_group_ids":{"references":["var.vpc_security_group_ids"]}},"schema_version":1}],"variables":{"ami_id":{"description":"The ID of the desired AMI for RHEL 8.6."},"ebs_block_devices":{"default":null,"description":"List of EBS block devices for the EC2 instance"},"instance_type":{"description":"The desired instance type."},"subnet_id":{"description":"The subnet ID where the EC2 instance will be launched."},"tags":{"description":"The subnet ID where the EC2 instance will be launched."},"volume_name_2":{"description":"The subnet ID where the EC2 instance will be launched."},"volume_size_1":{"description":"The subnet ID where the EC2 instance will be launched."},"volume_size_2":{"description":"The subnet ID where the EC2 instance will be launched."},"vpc_security_group_ids":{"description":"A list of security group IDs to associate with the EC2 instance."}}},"depends_on":["module.spoke1-vpc","module.sg01","module.sg02"]},"ec2_04":{"source":"./modules/aws-ec2","expressions":{"ami_id":{"constant_value":"ami-0c55b159cbfafe1f0"},"instance_type":{"constant_value":"x2iedn.16xlarge"},"subnet_id":{"references":["module.spoke1-vpc.subnet_order","module.spoke1-vpc"]},"tags":{"constant_value":{"Application":"HHSC-TIERS-PROD","Environment":"PROD-PRIVATE-BATCH-A","Name":"EC2_04"}},"volume_name_2":{"constant_value":"/dev/sdb"},"volume_size_1":{"constant_value":"8"},"volume_size_2":{"constant_value":"100"},"vpc_security_group_ids":{"references":["module.sg01.security_group_id","module.sg01"]}},"module":{"outputs":{"ec2_instance_id":{"expression":{"references":["aws_instance.ec2_instance.id","aws_instance.ec2_instance"]}}},"resources":[{"address":"aws_instance.ec2_instance","mode":"managed","type":"aws_instance","name":"ec2_instance","provider_config_key":"aws","expressions":{"ami":{"references":["var.ami_id"]},"ebs_block_device":[{"device_name":{"references":["var.volume_name_2"]},"volume_size":{"references":["var.volume_size_2"]},"volume_type":{"constant_value":"gp3"}}],"instance_type":{"references":["var.instance_type"]},"root_block_device":[{"volume_size":{"references":["var.volume_size_1"]},"volume_type":{"constant_value":"gp3"}}],"subnet_id":{"references":["var.subnet_id"]},"tags":{"references":["var.tags"]},"vpc_security_group_ids":{"references":["var.vpc_security_group_ids"]}},"schema_version":1}],"variables":{"ami_id":{"description":"The ID of the desired AMI for RHEL 8.6."},"ebs_block_devices":{"default":null,"description":"List of EBS block devices for the EC2 instance"},"instance_type":{"description":"The desired instance type."},"subnet_id":{"description":"The subnet ID where the EC2 instance will be launched."},"tags":{"description":"The subnet ID where the EC2 instance will be launched."},"volume_name_2":{"description":"The subnet ID where the EC2 instance will be launched."},"volume_size_1":{"description":"The subnet ID where the EC2 instance will be launched."},"volume_size_2":{"description":"The subnet ID where the EC2 instance will be launched."},"vpc_security_group_ids":{"description":"A list of security group IDs to associate with the EC2 instance."}}},"depends_on":["module.spoke1-vpc","module.sg01","module.sg02"]},"sg01":{"source":"./modules/aws-sg","expressions":{"name_prefix":{"constant_value":"PROD-DB-SG"},"vpc_id_1":{"references":["module.spoke1-vpc.vpc_id","module.spoke1-vpc"]}},"module":{"outputs":{"security_group_id":{"expression":{"references":["aws_security_group.sg.id","aws_security_group.sg"]}}},"resources":[{"address":"aws_security_group.sg","mode":"managed","type":"aws_security_group","name":"sg","provider_config_key":"aws","expressions":{"name_prefix":{"references":["var.name_prefix"]},"vpc_id":{"references":["var.vpc_id_1"]}},"schema_version":1}],"variables":{"name_prefix":{},"vpc_id_1":{"description":"The name of the resource group in which to create the virtual network peering."}}},"depends_on":["module.spoke1-vpc"]},"sg02":{"source":"./modules/aws-sg","expressions":{"name_prefix":{"constant_value":"PROD-BATCH-SG"},"vpc_id_1":{"references":["module.spoke1-vpc.vpc_id","module.spoke1-vpc"]}},"module":{"outputs":{"security_group_id":{"expression":{"references":["aws_security_group.sg.id","aws_security_group.sg"]}}},"resources":[{"address":"aws_security_group.sg","mode":"managed","type":"aws_security_group","name":"sg","provider_config_key":"aws","expressions":{"name_prefix":{"references":["var.name_prefix"]},"vpc_id":{"references":["var.vpc_id_1"]}},"schema_version":1}],"variables":{"name_prefix":{},"vpc_id_1":{"description":"The name of the resource group in which to create the virtual network peering."}}},"depends_on":["module.spoke1-vpc"]},"spoke1-vpc":{"source":"./modules/aws-vpc","expressions":{"availability_zones":{"constant_value":{"subnet1":"us-east-2a","subnet2":"us-east-2a","subnet3":"us-east-2b","subnet4":"us-east-2b"}},"cidr_block":{"constant_value":{"subnet1":"10.51.1.0/24","subnet2":"10.51.2.0/24","subnet3":"10.51.3.0/24","subnet4":"10.51.4.0/24"}},"tags":{"constant_value":{"subnet1":{"Application":"PROD-PRIVATE-BATCH-A","Environment":"HHSC-TIERS-PROD"},"subnet2":{"Application":"PROD-PRIVATE-DB-A","Environment":"HHSC-TIERS-PROD"},"subnet3":{"Application":"PROD-PRIVATE-BATCH-B","Environment":"HHSC-TIERS-PROD"},"subnet4":{"Application":"PROD-PRIVATE-DB-B","Environment":"HHSC-TIERS-PROD"},"vpc":{"Environment":"HHSC-TIERS-PROD"}}},"vpc_cidr_block":{"constant_value":"10.51.0.0/16"}},"module":{"outputs":{"subnet_order":{"expression":{"references":["var.cidr_block","aws_subnet.subnet"]}},"vpc_id":{"expression":{"references":["aws_vpc.vpc.id","aws_vpc.vpc"]}}},"resources":[{"address":"aws_subnet.subnet","mode":"managed","type":"aws_subnet","name":"subnet","provider_config_key":"aws","expressions":{"availability_zone":{"references":["var.availability_zones","each.key"]},"cidr_block":{"references":["each.value"]},"tags":{"references":["var.tags[\"vpc\"]","var.tags","var.tags","each.key"]},"vpc_id":{"references":["aws_vpc.vpc.id","aws_vpc.vpc"]}},"schema_version":1,"for_each_expression":{"references":["var.cidr_block"]}},{"address":"aws_vpc.vpc","mode":"managed","type":"aws_vpc","name":"vpc","provider_config_key":"aws","expressions":{"cidr_block":{"references":["var.vpc_cidr_block"]},"tags":{"references":["var.tags[\"vpc\"]","var.tags"]}},"schema_version":1}],"variables":{"availability_zones":{"description":"Map of subnet names to availability zones"},"cidr_block":{"description":"Map of subnet names to CIDR blocks"},"tags":{"description":"Tags for VPC and subnets"},"vpc_cidr_block":{"description":"CIDR block for the VPC"}}}}}}},"relevant_attributes":[{"resource":"module.sg01.aws_security_group.sg","attribute":["id"]},{"resource":"module.ec2_04.aws_instance.ec2_instance","attribute":["id"]},{"resource":"module.ec2_02.aws_instance.ec2_instance","attribute":["id"]},{"resource":"module.ec2_03.aws_instance.ec2_instance","attribute":["id"]},{"resource":"module.ec2_01.aws_instance.ec2_instance","attribute":["id"]},{"resource":"module.spoke1-vpc.aws_vpc.vpc","attribute":["id"]},{"resource":"module.spoke1-vpc.aws_subnet.subnet","attribute":[]},{"resource":"module.sg02.aws_security_group.sg","attribute":["id"]}]}
